
Microsoft Visual Studio Solution File, Format Version 12.00
# Visual Studio Version 17
VisualStudioVersion = 17.11.35312.102
MinimumVisualStudioVersion = 10.0.40219.1
Project("{FAE04EC0-301F-11D3-BF4B-00C04F79EFBC}") = "ThucHanhKhaiBaoVaSuDungBien", "ThucHanhKhaiBaoVaSuDungBien\ThucHanhKhaiBaoVaSuDungBien.csproj", "{84BF6F9A-6529-4DA1-A621-7CD5E7A684EE}"
EndProject
Global
	GlobalSection(SolutionConfigurationPlatforms) = preSolution
		Debug|Any CPU = Debug|Any CPU
		Release|Any CPU = Release|Any CPU
	EndGlobalSection
	GlobalSection(ProjectConfigurationPlatforms) = postSolution
		{84BF6F9A-6529-4DA1-A621-7CD5E7A684EE}.Debug|Any CPU.ActiveCfg = Debug|Any CPU
		{84BF6F9A-6529-4DA1-A621-7CD5E7A684EE}.Debug|Any CPU.Build.0 = Debug|Any CPU
		{84BF6F9A-6529-4DA1-A621-7CD5E7A684EE}.Release|Any CPU.ActiveCfg = Release|Any CPU
		{84BF6F9A-6529-4DA1-A621-7CD5E7A684EE}.Release|Any CPU.Build.0 = Release|Any CPU
	EndGlobalSection
	GlobalSection(SolutionProperties) = preSolution
		HideSolutionNode = FALSE
	EndGlobalSection
	GlobalSection(ExtensibilityGlobals) = postSolution
		SolutionGuid = {A4A2DA59-50FF-40EE-810F-6F3193E9E05A}
	EndGlobalSection
EndGlobal
